
Microsoft Visual Studio Solution File, Format Version 12.00
# Visual Studio 14
VisualStudioVersion = 14.0.25420.1
MinimumVisualStudioVersion = 10.0.40219.1
Project("{FAE04EC0-301F-11D3-BF4B-00C04F79EFBC}") = "AdvancedColletionsDemo", "AdvancedColletionsDemo\AdvancedColletionsDemo.csproj", "{6F3C3C2C-E37F-43B4-891E-9D8609C53D56}"
EndProject
Project("{FAE04EC0-301F-11D3-BF4B-00C04F79EFBC}") = "ProblemAvarageStudenGrades", "ProblemAvarageStudenGrades\ProblemAvarageStudenGrades.csproj", "{01156AFA-DCB4-4866-85F5-1852D6684147}"
EndProject
Global
	GlobalSection(SolutionConfigurationPlatforms) = preSolution
		Debug|Any CPU = Debug|Any CPU
		Release|Any CPU = Release|Any CPU
	EndGlobalSection
	GlobalSection(ProjectConfigurationPlatforms) = postSolution
		{6F3C3C2C-E37F-43B4-891E-9D8609C53D56}.Debug|Any CPU.ActiveCfg = Debug|Any CPU
		{6F3C3C2C-E37F-43B4-891E-9D8609C53D56}.Debug|Any CPU.Build.0 = Debug|Any CPU
		{6F3C3C2C-E37F-43B4-891E-9D8609C53D56}.Release|Any CPU.ActiveCfg = Release|Any CPU
		{6F3C3C2C-E37F-43B4-891E-9D8609C53D56}.Release|Any CPU.Build.0 = Release|Any CPU
		{01156AFA-DCB4-4866-85F5-1852D6684147}.Debug|Any CPU.ActiveCfg = Debug|Any CPU
		{01156AFA-DCB4-4866-85F5-1852D6684147}.Debug|Any CPU.Build.0 = Debug|Any CPU
		{01156AFA-DCB4-4866-85F5-1852D6684147}.Release|Any CPU.ActiveCfg = Release|Any CPU
		{01156AFA-DCB4-4866-85F5-1852D6684147}.Release|Any CPU.Build.0 = Release|Any CPU
	EndGlobalSection
	GlobalSection(SolutionProperties) = preSolution
		HideSolutionNode = FALSE
	EndGlobalSection
EndGlobal
