
Microsoft Visual Studio Solution File, Format Version 12.00
# Visual Studio 14
VisualStudioVersion = 14.0.25420.1
MinimumVisualStudioVersion = 10.0.40219.1
Project("{FAE04EC0-301F-11D3-BF4B-00C04F79EFBC}") = "03. Rage Quit", "03. Rage Quit\03. Rage Quit.csproj", "{10C60D26-AE71-4A5C-BC8A-85C518F43B5F}"
EndProject
Project("{FAE04EC0-301F-11D3-BF4B-00C04F79EFBC}") = "HelpMe", "HelpMe\HelpMe.csproj", "{1BDF9A00-55F2-458B-81D5-3A9E7D07120D}"
EndProject
Global
	GlobalSection(SolutionConfigurationPlatforms) = preSolution
		Debug|Any CPU = Debug|Any CPU
		Release|Any CPU = Release|Any CPU
	EndGlobalSection
	GlobalSection(ProjectConfigurationPlatforms) = postSolution
		{10C60D26-AE71-4A5C-BC8A-85C518F43B5F}.Debug|Any CPU.ActiveCfg = Debug|Any CPU
		{10C60D26-AE71-4A5C-BC8A-85C518F43B5F}.Debug|Any CPU.Build.0 = Debug|Any CPU
		{10C60D26-AE71-4A5C-BC8A-85C518F43B5F}.Release|Any CPU.ActiveCfg = Release|Any CPU
		{10C60D26-AE71-4A5C-BC8A-85C518F43B5F}.Release|Any CPU.Build.0 = Release|Any CPU
		{1BDF9A00-55F2-458B-81D5-3A9E7D07120D}.Debug|Any CPU.ActiveCfg = Debug|Any CPU
		{1BDF9A00-55F2-458B-81D5-3A9E7D07120D}.Debug|Any CPU.Build.0 = Debug|Any CPU
		{1BDF9A00-55F2-458B-81D5-3A9E7D07120D}.Release|Any CPU.ActiveCfg = Release|Any CPU
		{1BDF9A00-55F2-458B-81D5-3A9E7D07120D}.Release|Any CPU.Build.0 = Release|Any CPU
	EndGlobalSection
	GlobalSection(SolutionProperties) = preSolution
		HideSolutionNode = FALSE
	EndGlobalSection
EndGlobal
