
Microsoft Visual Studio Solution File, Format Version 12.00
# Visual Studio 14
VisualStudioVersion = 14.0.25420.1
MinimumVisualStudioVersion = 10.0.40219.1
Project("{FAE04EC0-301F-11D3-BF4B-00C04F79EFBC}") = "9. Altitude", "9. Altitude\9. Altitude.csproj", "{BA33E7CE-CA3A-4995-98AF-03FC5C25FBF3}"
EndProject
Global
	GlobalSection(SolutionConfigurationPlatforms) = preSolution
		Debug|Any CPU = Debug|Any CPU
		Release|Any CPU = Release|Any CPU
	EndGlobalSection
	GlobalSection(ProjectConfigurationPlatforms) = postSolution
		{BA33E7CE-CA3A-4995-98AF-03FC5C25FBF3}.Debug|Any CPU.ActiveCfg = Debug|Any CPU
		{BA33E7CE-CA3A-4995-98AF-03FC5C25FBF3}.Debug|Any CPU.Build.0 = Debug|Any CPU
		{BA33E7CE-CA3A-4995-98AF-03FC5C25FBF3}.Release|Any CPU.ActiveCfg = Release|Any CPU
		{BA33E7CE-CA3A-4995-98AF-03FC5C25FBF3}.Release|Any CPU.Build.0 = Release|Any CPU
	EndGlobalSection
	GlobalSection(SolutionProperties) = preSolution
		HideSolutionNode = FALSE
	EndGlobalSection
EndGlobal
